
Microsoft Visual Studio Solution File, Format Version 12.00
# Visual Studio Version 18
Project("{2150E333-8FDC-42A3-9474-1A3956D46DE8}") = "CMakePredefinedTargets", "CMakePredefinedTargets", "{62C1C317-3A70-375A-B9FF-6F02623D9A84}"
EndProject
Project("{8BC9CEB8-8B4A-11D0-8D11-00A0C91BC942}") = "ALL_BUILD", "ALL_BUILD.vcxproj", "{A7FDA547-903B-3AEF-B4EB-D6364D94CFC7}"
	ProjectSection(ProjectDependencies) = postProject
		{D5DF6193-D160-3F91-B62F-3B21A386EABD} = {D5DF6193-D160-3F91-B62F-3B21A386EABD}
	EndProjectSection
EndProject
Project("{8BC9CEB8-8B4A-11D0-8D11-00A0C91BC942}") = "INSTALL", "INSTALL.vcxproj", "{A4CA023A-9799-3054-AF05-C7D12747C29E}"
	ProjectSection(ProjectDependencies) = postProject
		{A7FDA547-903B-3AEF-B4EB-D6364D94CFC7} = {A7FDA547-903B-3AEF-B4EB-D6364D94CFC7}
		{D5DF6193-D160-3F91-B62F-3B21A386EABD} = {D5DF6193-D160-3F91-B62F-3B21A386EABD}
	EndProjectSection
EndProject
Project("{8BC9CEB8-8B4A-11D0-8D11-00A0C91BC942}") = "ZERO_CHECK", "..\\ZERO_CHECK.vcxproj", "{D5DF6193-D160-3F91-B62F-3B21A386EABD}"
	ProjectSection(ProjectDependencies) = postProject
	EndProjectSection
EndProject
Global
	GlobalSection(SolutionConfigurationPlatforms) = preSolution
		Debug|x64 = Debug|x64
		Release|x64 = Release|x64
		MinSizeRel|x64 = MinSizeRel|x64
		RelWithDebInfo|x64 = RelWithDebInfo|x64
	EndGlobalSection
	GlobalSection(ProjectConfigurationPlatforms) = postSolution
		{A7FDA547-903B-3AEF-B4EB-D6364D94CFC7}.Debug|x64.ActiveCfg = Debug|x64
		{A7FDA547-903B-3AEF-B4EB-D6364D94CFC7}.Debug|x64.Build.0 = Debug|x64
		{A7FDA547-903B-3AEF-B4EB-D6364D94CFC7}.Release|x64.ActiveCfg = Release|x64
		{A7FDA547-903B-3AEF-B4EB-D6364D94CFC7}.Release|x64.Build.0 = Release|x64
		{A7FDA547-903B-3AEF-B4EB-D6364D94CFC7}.MinSizeRel|x64.ActiveCfg = MinSizeRel|x64
		{A7FDA547-903B-3AEF-B4EB-D6364D94CFC7}.MinSizeRel|x64.Build.0 = MinSizeRel|x64
		{A7FDA547-903B-3AEF-B4EB-D6364D94CFC7}.RelWithDebInfo|x64.ActiveCfg = RelWithDebInfo|x64
		{A7FDA547-903B-3AEF-B4EB-D6364D94CFC7}.RelWithDebInfo|x64.Build.0 = RelWithDebInfo|x64
		{A4CA023A-9799-3054-AF05-C7D12747C29E}.Debug|x64.ActiveCfg = Debug|x64
		{A4CA023A-9799-3054-AF05-C7D12747C29E}.Release|x64.ActiveCfg = Release|x64
		{A4CA023A-9799-3054-AF05-C7D12747C29E}.MinSizeRel|x64.ActiveCfg = MinSizeRel|x64
		{A4CA023A-9799-3054-AF05-C7D12747C29E}.RelWithDebInfo|x64.ActiveCfg = RelWithDebInfo|x64
		{D5DF6193-D160-3F91-B62F-3B21A386EABD}.Debug|x64.ActiveCfg = Debug|x64
		{D5DF6193-D160-3F91-B62F-3B21A386EABD}.Debug|x64.Build.0 = Debug|x64
		{D5DF6193-D160-3F91-B62F-3B21A386EABD}.Release|x64.ActiveCfg = Release|x64
		{D5DF6193-D160-3F91-B62F-3B21A386EABD}.Release|x64.Build.0 = Release|x64
		{D5DF6193-D160-3F91-B62F-3B21A386EABD}.MinSizeRel|x64.ActiveCfg = MinSizeRel|x64
		{D5DF6193-D160-3F91-B62F-3B21A386EABD}.MinSizeRel|x64.Build.0 = MinSizeRel|x64
		{D5DF6193-D160-3F91-B62F-3B21A386EABD}.RelWithDebInfo|x64.ActiveCfg = RelWithDebInfo|x64
		{D5DF6193-D160-3F91-B62F-3B21A386EABD}.RelWithDebInfo|x64.Build.0 = RelWithDebInfo|x64
	EndGlobalSection
	GlobalSection(NestedProjects) = preSolution
		{A7FDA547-903B-3AEF-B4EB-D6364D94CFC7} = {62C1C317-3A70-375A-B9FF-6F02623D9A84}
		{A4CA023A-9799-3054-AF05-C7D12747C29E} = {62C1C317-3A70-375A-B9FF-6F02623D9A84}
		{D5DF6193-D160-3F91-B62F-3B21A386EABD} = {62C1C317-3A70-375A-B9FF-6F02623D9A84}
	EndGlobalSection
	GlobalSection(ExtensibilityGlobals) = postSolution
		SolutionGuid = {CC6F7173-5488-3DD6-8AB4-63C894168189}
	EndGlobalSection
	GlobalSection(ExtensibilityAddIns) = postSolution
	EndGlobalSection
EndGlobal
