
Microsoft Visual Studio Solution File, Format Version 12.00
# Visual Studio Version 18
Project("{2150E333-8FDC-42A3-9474-1A3956D46DE8}") = "CMakePredefinedTargets", "CMakePredefinedTargets", "{E45F46C6-7D4D-34A0-BA1C-AC5F349A01AD}"
EndProject
Project("{2150E333-8FDC-42A3-9474-1A3956D46DE8}") = "NEURONiK", "NEURONiK", "{CA63F632-2758-39A4-A1B8-633094F64D6C}"
EndProject
Project("{8BC9CEB8-8B4A-11D0-8D11-00A0C91BC942}") = "ALL_BUILD", "ALL_BUILD.vcxproj", "{D7C22410-21A2-37FE-B29A-26EFAE12E5E1}"
	ProjectSection(ProjectDependencies) = postProject
		{10B22E3F-6FCC-32C8-B305-DABEC101FA94} = {10B22E3F-6FCC-32C8-B305-DABEC101FA94}
		{D24EDC14-B1C0-3DD6-AFC7-33697C2C03EE} = {D24EDC14-B1C0-3DD6-AFC7-33697C2C03EE}
		{3BE2720C-1D03-3887-B2BF-0D0559C1C8FF} = {3BE2720C-1D03-3887-B2BF-0D0559C1C8FF}
		{DA72C6FE-8F82-35B5-90A3-8B81709FDA20} = {DA72C6FE-8F82-35B5-90A3-8B81709FDA20}
		{9AD43384-D200-3D6C-B885-B35413180ED9} = {9AD43384-D200-3D6C-B885-B35413180ED9}
		{B3B1FA54-729F-3036-90C8-0CFDC25A5DD7} = {B3B1FA54-729F-3036-90C8-0CFDC25A5DD7}
		{B3B687AE-77AC-3368-AAF0-C392AFF5A051} = {B3B687AE-77AC-3368-AAF0-C392AFF5A051}
		{9EF64BD7-A014-3CCB-9F97-7DF99ABA18D0} = {9EF64BD7-A014-3CCB-9F97-7DF99ABA18D0}
		{CA9F1E67-62FF-3C06-AF88-615ED493B436} = {CA9F1E67-62FF-3C06-AF88-615ED493B436}
	EndProjectSection
EndProject
Project("{8BC9CEB8-8B4A-11D0-8D11-00A0C91BC942}") = "INSTALL", "INSTALL.vcxproj", "{A2F7EA76-DBA6-346F-B7D6-2606E4D5CEFA}"
	ProjectSection(ProjectDependencies) = postProject
		{D7C22410-21A2-37FE-B29A-26EFAE12E5E1} = {D7C22410-21A2-37FE-B29A-26EFAE12E5E1}
		{CA9F1E67-62FF-3C06-AF88-615ED493B436} = {CA9F1E67-62FF-3C06-AF88-615ED493B436}
	EndProjectSection
EndProject
Project("{8BC9CEB8-8B4A-11D0-8D11-00A0C91BC942}") = "NEURONiK", "NEURONiK.vcxproj", "{10B22E3F-6FCC-32C8-B305-DABEC101FA94}"
	ProjectSection(ProjectDependencies) = postProject
		{D24EDC14-B1C0-3DD6-AFC7-33697C2C03EE} = {D24EDC14-B1C0-3DD6-AFC7-33697C2C03EE}
		{CA9F1E67-62FF-3C06-AF88-615ED493B436} = {CA9F1E67-62FF-3C06-AF88-615ED493B436}
	EndProjectSection
EndProject
Project("{8BC9CEB8-8B4A-11D0-8D11-00A0C91BC942}") = "NEURONiK_All", "NEURONiK_All.vcxproj", "{CB55501C-11DE-3355-BABB-FA30DB205F20}"
	ProjectSection(ProjectDependencies) = postProject
		{9AD43384-D200-3D6C-B885-B35413180ED9} = {9AD43384-D200-3D6C-B885-B35413180ED9}
		{B3B1FA54-729F-3036-90C8-0CFDC25A5DD7} = {B3B1FA54-729F-3036-90C8-0CFDC25A5DD7}
		{CA9F1E67-62FF-3C06-AF88-615ED493B436} = {CA9F1E67-62FF-3C06-AF88-615ED493B436}
	EndProjectSection
EndProject
Project("{8BC9CEB8-8B4A-11D0-8D11-00A0C91BC942}") = "NEURONiK_Common", "NEURONiK_Common.vcxproj", "{D24EDC14-B1C0-3DD6-AFC7-33697C2C03EE}"
	ProjectSection(ProjectDependencies) = postProject
		{CA9F1E67-62FF-3C06-AF88-615ED493B436} = {CA9F1E67-62FF-3C06-AF88-615ED493B436}
	EndProjectSection
EndProject
Project("{8BC9CEB8-8B4A-11D0-8D11-00A0C91BC942}") = "NEURONiK_ModelMaker", "NEURONiK_ModelMaker.vcxproj", "{3BE2720C-1D03-3887-B2BF-0D0559C1C8FF}"
	ProjectSection(ProjectDependencies) = postProject
		{D24EDC14-B1C0-3DD6-AFC7-33697C2C03EE} = {D24EDC14-B1C0-3DD6-AFC7-33697C2C03EE}
		{DA72C6FE-8F82-35B5-90A3-8B81709FDA20} = {DA72C6FE-8F82-35B5-90A3-8B81709FDA20}
		{CA9F1E67-62FF-3C06-AF88-615ED493B436} = {CA9F1E67-62FF-3C06-AF88-615ED493B436}
	EndProjectSection
EndProject
Project("{8BC9CEB8-8B4A-11D0-8D11-00A0C91BC942}") = "NEURONiK_ModelMaker_rc_lib", "NEURONiK_ModelMaker_rc_lib.vcxproj", "{DA72C6FE-8F82-35B5-90A3-8B81709FDA20}"
	ProjectSection(ProjectDependencies) = postProject
		{CA9F1E67-62FF-3C06-AF88-615ED493B436} = {CA9F1E67-62FF-3C06-AF88-615ED493B436}
	EndProjectSection
EndProject
Project("{8BC9CEB8-8B4A-11D0-8D11-00A0C91BC942}") = "NEURONiK_Standalone", "NEURONiK_Standalone.vcxproj", "{9AD43384-D200-3D6C-B885-B35413180ED9}"
	ProjectSection(ProjectDependencies) = postProject
		{10B22E3F-6FCC-32C8-B305-DABEC101FA94} = {10B22E3F-6FCC-32C8-B305-DABEC101FA94}
		{D24EDC14-B1C0-3DD6-AFC7-33697C2C03EE} = {D24EDC14-B1C0-3DD6-AFC7-33697C2C03EE}
		{B3B687AE-77AC-3368-AAF0-C392AFF5A051} = {B3B687AE-77AC-3368-AAF0-C392AFF5A051}
		{CA9F1E67-62FF-3C06-AF88-615ED493B436} = {CA9F1E67-62FF-3C06-AF88-615ED493B436}
	EndProjectSection
EndProject
Project("{8BC9CEB8-8B4A-11D0-8D11-00A0C91BC942}") = "NEURONiK_VST3", "NEURONiK_VST3.vcxproj", "{B3B1FA54-729F-3036-90C8-0CFDC25A5DD7}"
	ProjectSection(ProjectDependencies) = postProject
		{10B22E3F-6FCC-32C8-B305-DABEC101FA94} = {10B22E3F-6FCC-32C8-B305-DABEC101FA94}
		{D24EDC14-B1C0-3DD6-AFC7-33697C2C03EE} = {D24EDC14-B1C0-3DD6-AFC7-33697C2C03EE}
		{B3B687AE-77AC-3368-AAF0-C392AFF5A051} = {B3B687AE-77AC-3368-AAF0-C392AFF5A051}
		{9EF64BD7-A014-3CCB-9F97-7DF99ABA18D0} = {9EF64BD7-A014-3CCB-9F97-7DF99ABA18D0}
		{CA9F1E67-62FF-3C06-AF88-615ED493B436} = {CA9F1E67-62FF-3C06-AF88-615ED493B436}
	EndProjectSection
EndProject
Project("{8BC9CEB8-8B4A-11D0-8D11-00A0C91BC942}") = "NEURONiK_rc_lib", "NEURONiK_rc_lib.vcxproj", "{B3B687AE-77AC-3368-AAF0-C392AFF5A051}"
	ProjectSection(ProjectDependencies) = postProject
		{CA9F1E67-62FF-3C06-AF88-615ED493B436} = {CA9F1E67-62FF-3C06-AF88-615ED493B436}
	EndProjectSection
EndProject
Project("{8BC9CEB8-8B4A-11D0-8D11-00A0C91BC942}") = "NEURONiK_vst3_helper", "NEURONiK_vst3_helper.vcxproj", "{9EF64BD7-A014-3CCB-9F97-7DF99ABA18D0}"
	ProjectSection(ProjectDependencies) = postProject
		{CA9F1E67-62FF-3C06-AF88-615ED493B436} = {CA9F1E67-62FF-3C06-AF88-615ED493B436}
	EndProjectSection
EndProject
Project("{8BC9CEB8-8B4A-11D0-8D11-00A0C91BC942}") = "ZERO_CHECK", "ZERO_CHECK.vcxproj", "{CA9F1E67-62FF-3C06-AF88-615ED493B436}"
	ProjectSection(ProjectDependencies) = postProject
	EndProjectSection
EndProject
Global
	GlobalSection(SolutionConfigurationPlatforms) = preSolution
		Debug|x64 = Debug|x64
		Release|x64 = Release|x64
		MinSizeRel|x64 = MinSizeRel|x64
		RelWithDebInfo|x64 = RelWithDebInfo|x64
	EndGlobalSection
	GlobalSection(ProjectConfigurationPlatforms) = postSolution
		{D7C22410-21A2-37FE-B29A-26EFAE12E5E1}.Debug|x64.ActiveCfg = Debug|x64
		{D7C22410-21A2-37FE-B29A-26EFAE12E5E1}.Debug|x64.Build.0 = Debug|x64
		{D7C22410-21A2-37FE-B29A-26EFAE12E5E1}.Release|x64.ActiveCfg = Release|x64
		{D7C22410-21A2-37FE-B29A-26EFAE12E5E1}.Release|x64.Build.0 = Release|x64
		{D7C22410-21A2-37FE-B29A-26EFAE12E5E1}.MinSizeRel|x64.ActiveCfg = MinSizeRel|x64
		{D7C22410-21A2-37FE-B29A-26EFAE12E5E1}.MinSizeRel|x64.Build.0 = MinSizeRel|x64
		{D7C22410-21A2-37FE-B29A-26EFAE12E5E1}.RelWithDebInfo|x64.ActiveCfg = RelWithDebInfo|x64
		{D7C22410-21A2-37FE-B29A-26EFAE12E5E1}.RelWithDebInfo|x64.Build.0 = RelWithDebInfo|x64
		{A2F7EA76-DBA6-346F-B7D6-2606E4D5CEFA}.Debug|x64.ActiveCfg = Debug|x64
		{A2F7EA76-DBA6-346F-B7D6-2606E4D5CEFA}.Release|x64.ActiveCfg = Release|x64
		{A2F7EA76-DBA6-346F-B7D6-2606E4D5CEFA}.MinSizeRel|x64.ActiveCfg = MinSizeRel|x64
		{A2F7EA76-DBA6-346F-B7D6-2606E4D5CEFA}.RelWithDebInfo|x64.ActiveCfg = RelWithDebInfo|x64
		{10B22E3F-6FCC-32C8-B305-DABEC101FA94}.Debug|x64.ActiveCfg = Debug|x64
		{10B22E3F-6FCC-32C8-B305-DABEC101FA94}.Debug|x64.Build.0 = Debug|x64
		{10B22E3F-6FCC-32C8-B305-DABEC101FA94}.Release|x64.ActiveCfg = Release|x64
		{10B22E3F-6FCC-32C8-B305-DABEC101FA94}.Release|x64.Build.0 = Release|x64
		{10B22E3F-6FCC-32C8-B305-DABEC101FA94}.MinSizeRel|x64.ActiveCfg = MinSizeRel|x64
		{10B22E3F-6FCC-32C8-B305-DABEC101FA94}.MinSizeRel|x64.Build.0 = MinSizeRel|x64
		{10B22E3F-6FCC-32C8-B305-DABEC101FA94}.RelWithDebInfo|x64.ActiveCfg = RelWithDebInfo|x64
		{10B22E3F-6FCC-32C8-B305-DABEC101FA94}.RelWithDebInfo|x64.Build.0 = RelWithDebInfo|x64
		{CB55501C-11DE-3355-BABB-FA30DB205F20}.Debug|x64.ActiveCfg = Debug|x64
		{CB55501C-11DE-3355-BABB-FA30DB205F20}.Release|x64.ActiveCfg = Release|x64
		{CB55501C-11DE-3355-BABB-FA30DB205F20}.MinSizeRel|x64.ActiveCfg = MinSizeRel|x64
		{CB55501C-11DE-3355-BABB-FA30DB205F20}.RelWithDebInfo|x64.ActiveCfg = RelWithDebInfo|x64
		{D24EDC14-B1C0-3DD6-AFC7-33697C2C03EE}.Debug|x64.ActiveCfg = Debug|x64
		{D24EDC14-B1C0-3DD6-AFC7-33697C2C03EE}.Debug|x64.Build.0 = Debug|x64
		{D24EDC14-B1C0-3DD6-AFC7-33697C2C03EE}.Release|x64.ActiveCfg = Release|x64
		{D24EDC14-B1C0-3DD6-AFC7-33697C2C03EE}.Release|x64.Build.0 = Release|x64
		{D24EDC14-B1C0-3DD6-AFC7-33697C2C03EE}.MinSizeRel|x64.ActiveCfg = MinSizeRel|x64
		{D24EDC14-B1C0-3DD6-AFC7-33697C2C03EE}.MinSizeRel|x64.Build.0 = MinSizeRel|x64
		{D24EDC14-B1C0-3DD6-AFC7-33697C2C03EE}.RelWithDebInfo|x64.ActiveCfg = RelWithDebInfo|x64
		{D24EDC14-B1C0-3DD6-AFC7-33697C2C03EE}.RelWithDebInfo|x64.Build.0 = RelWithDebInfo|x64
		{3BE2720C-1D03-3887-B2BF-0D0559C1C8FF}.Debug|x64.ActiveCfg = Debug|x64
		{3BE2720C-1D03-3887-B2BF-0D0559C1C8FF}.Debug|x64.Build.0 = Debug|x64
		{3BE2720C-1D03-3887-B2BF-0D0559C1C8FF}.Release|x64.ActiveCfg = Release|x64
		{3BE2720C-1D03-3887-B2BF-0D0559C1C8FF}.Release|x64.Build.0 = Release|x64
		{3BE2720C-1D03-3887-B2BF-0D0559C1C8FF}.MinSizeRel|x64.ActiveCfg = MinSizeRel|x64
		{3BE2720C-1D03-3887-B2BF-0D0559C1C8FF}.MinSizeRel|x64.Build.0 = MinSizeRel|x64
		{3BE2720C-1D03-3887-B2BF-0D0559C1C8FF}.RelWithDebInfo|x64.ActiveCfg = RelWithDebInfo|x64
		{3BE2720C-1D03-3887-B2BF-0D0559C1C8FF}.RelWithDebInfo|x64.Build.0 = RelWithDebInfo|x64
		{DA72C6FE-8F82-35B5-90A3-8B81709FDA20}.Debug|x64.ActiveCfg = Debug|x64
		{DA72C6FE-8F82-35B5-90A3-8B81709FDA20}.Debug|x64.Build.0 = Debug|x64
		{DA72C6FE-8F82-35B5-90A3-8B81709FDA20}.Release|x64.ActiveCfg = Release|x64
		{DA72C6FE-8F82-35B5-90A3-8B81709FDA20}.Release|x64.Build.0 = Release|x64
		{DA72C6FE-8F82-35B5-90A3-8B81709FDA20}.MinSizeRel|x64.ActiveCfg = MinSizeRel|x64
		{DA72C6FE-8F82-35B5-90A3-8B81709FDA20}.MinSizeRel|x64.Build.0 = MinSizeRel|x64
		{DA72C6FE-8F82-35B5-90A3-8B81709FDA20}.RelWithDebInfo|x64.ActiveCfg = RelWithDebInfo|x64
		{DA72C6FE-8F82-35B5-90A3-8B81709FDA20}.RelWithDebInfo|x64.Build.0 = RelWithDebInfo|x64
		{9AD43384-D200-3D6C-B885-B35413180ED9}.Debug|x64.ActiveCfg = Debug|x64
		{9AD43384-D200-3D6C-B885-B35413180ED9}.Debug|x64.Build.0 = Debug|x64
		{9AD43384-D200-3D6C-B885-B35413180ED9}.Release|x64.ActiveCfg = Release|x64
		{9AD43384-D200-3D6C-B885-B35413180ED9}.Release|x64.Build.0 = Release|x64
		{9AD43384-D200-3D6C-B885-B35413180ED9}.MinSizeRel|x64.ActiveCfg = MinSizeRel|x64
		{9AD43384-D200-3D6C-B885-B35413180ED9}.MinSizeRel|x64.Build.0 = MinSizeRel|x64
		{9AD43384-D200-3D6C-B885-B35413180ED9}.RelWithDebInfo|x64.ActiveCfg = RelWithDebInfo|x64
		{9AD43384-D200-3D6C-B885-B35413180ED9}.RelWithDebInfo|x64.Build.0 = RelWithDebInfo|x64
		{B3B1FA54-729F-3036-90C8-0CFDC25A5DD7}.Debug|x64.ActiveCfg = Debug|x64
		{B3B1FA54-729F-3036-90C8-0CFDC25A5DD7}.Debug|x64.Build.0 = Debug|x64
		{B3B1FA54-729F-3036-90C8-0CFDC25A5DD7}.Release|x64.ActiveCfg = Release|x64
		{B3B1FA54-729F-3036-90C8-0CFDC25A5DD7}.Release|x64.Build.0 = Release|x64
		{B3B1FA54-729F-3036-90C8-0CFDC25A5DD7}.MinSizeRel|x64.ActiveCfg = MinSizeRel|x64
		{B3B1FA54-729F-3036-90C8-0CFDC25A5DD7}.MinSizeRel|x64.Build.0 = MinSizeRel|x64
		{B3B1FA54-729F-3036-90C8-0CFDC25A5DD7}.RelWithDebInfo|x64.ActiveCfg = RelWithDebInfo|x64
		{B3B1FA54-729F-3036-90C8-0CFDC25A5DD7}.RelWithDebInfo|x64.Build.0 = RelWithDebInfo|x64
		{B3B687AE-77AC-3368-AAF0-C392AFF5A051}.Debug|x64.ActiveCfg = Debug|x64
		{B3B687AE-77AC-3368-AAF0-C392AFF5A051}.Debug|x64.Build.0 = Debug|x64
		{B3B687AE-77AC-3368-AAF0-C392AFF5A051}.Release|x64.ActiveCfg = Release|x64
		{B3B687AE-77AC-3368-AAF0-C392AFF5A051}.Release|x64.Build.0 = Release|x64
		{B3B687AE-77AC-3368-AAF0-C392AFF5A051}.MinSizeRel|x64.ActiveCfg = MinSizeRel|x64
		{B3B687AE-77AC-3368-AAF0-C392AFF5A051}.MinSizeRel|x64.Build.0 = MinSizeRel|x64
		{B3B687AE-77AC-3368-AAF0-C392AFF5A051}.RelWithDebInfo|x64.ActiveCfg = RelWithDebInfo|x64
		{B3B687AE-77AC-3368-AAF0-C392AFF5A051}.RelWithDebInfo|x64.Build.0 = RelWithDebInfo|x64
		{9EF64BD7-A014-3CCB-9F97-7DF99ABA18D0}.Debug|x64.ActiveCfg = Debug|x64
		{9EF64BD7-A014-3CCB-9F97-7DF99ABA18D0}.Debug|x64.Build.0 = Debug|x64
		{9EF64BD7-A014-3CCB-9F97-7DF99ABA18D0}.Release|x64.ActiveCfg = Release|x64
		{9EF64BD7-A014-3CCB-9F97-7DF99ABA18D0}.Release|x64.Build.0 = Release|x64
		{9EF64BD7-A014-3CCB-9F97-7DF99ABA18D0}.MinSizeRel|x64.ActiveCfg = MinSizeRel|x64
		{9EF64BD7-A014-3CCB-9F97-7DF99ABA18D0}.MinSizeRel|x64.Build.0 = MinSizeRel|x64
		{9EF64BD7-A014-3CCB-9F97-7DF99ABA18D0}.RelWithDebInfo|x64.ActiveCfg = RelWithDebInfo|x64
		{9EF64BD7-A014-3CCB-9F97-7DF99ABA18D0}.RelWithDebInfo|x64.Build.0 = RelWithDebInfo|x64
		{CA9F1E67-62FF-3C06-AF88-615ED493B436}.Debug|x64.ActiveCfg = Debug|x64
		{CA9F1E67-62FF-3C06-AF88-615ED493B436}.Debug|x64.Build.0 = Debug|x64
		{CA9F1E67-62FF-3C06-AF88-615ED493B436}.Release|x64.ActiveCfg = Release|x64
		{CA9F1E67-62FF-3C06-AF88-615ED493B436}.Release|x64.Build.0 = Release|x64
		{CA9F1E67-62FF-3C06-AF88-615ED493B436}.MinSizeRel|x64.ActiveCfg = MinSizeRel|x64
		{CA9F1E67-62FF-3C06-AF88-615ED493B436}.MinSizeRel|x64.Build.0 = MinSizeRel|x64
		{CA9F1E67-62FF-3C06-AF88-615ED493B436}.RelWithDebInfo|x64.ActiveCfg = RelWithDebInfo|x64
		{CA9F1E67-62FF-3C06-AF88-615ED493B436}.RelWithDebInfo|x64.Build.0 = RelWithDebInfo|x64
	EndGlobalSection
	GlobalSection(NestedProjects) = preSolution
		{D7C22410-21A2-37FE-B29A-26EFAE12E5E1} = {E45F46C6-7D4D-34A0-BA1C-AC5F349A01AD}
		{A2F7EA76-DBA6-346F-B7D6-2606E4D5CEFA} = {E45F46C6-7D4D-34A0-BA1C-AC5F349A01AD}
		{CA9F1E67-62FF-3C06-AF88-615ED493B436} = {E45F46C6-7D4D-34A0-BA1C-AC5F349A01AD}
		{10B22E3F-6FCC-32C8-B305-DABEC101FA94} = {CA63F632-2758-39A4-A1B8-633094F64D6C}
		{CB55501C-11DE-3355-BABB-FA30DB205F20} = {CA63F632-2758-39A4-A1B8-633094F64D6C}
		{9AD43384-D200-3D6C-B885-B35413180ED9} = {CA63F632-2758-39A4-A1B8-633094F64D6C}
		{B3B1FA54-729F-3036-90C8-0CFDC25A5DD7} = {CA63F632-2758-39A4-A1B8-633094F64D6C}
	EndGlobalSection
	GlobalSection(ExtensibilityGlobals) = postSolution
		SolutionGuid = {4A93E0AE-A67C-3EA3-A311-27363069230A}
	EndGlobalSection
	GlobalSection(ExtensibilityAddIns) = postSolution
	EndGlobalSection
EndGlobal
