<?xml version="1.0" encoding="utf-8"?>
<Project ToolsVersion="18.0" xmlns="http://schemas.microsoft.com/developer/msbuild/2003">
  <ItemGroup>
    <ClCompile Include="D:\desarrollos\ABDNeural\Source\Main\NEURONiKProcessor.cpp">
      <Filter>Source Files</Filter>
    </ClCompile>
    <ClCompile Include="D:\desarrollos\ABDNeural\Source\Main\NEURONiKEditor.cpp">
      <Filter>Source Files</Filter>
    </ClCompile>
    <ClCompile Include="D:\desarrollos\ABDNeural\Source\Main\MidiMappingManager.cpp">
      <Filter>Source Files</Filter>
    </ClCompile>
    <ClCompile Include="D:\desarrollos\ABDNeural\Source\UI\ParameterPanel.cpp">
      <Filter>Source Files</Filter>
    </ClCompile>
    <ClCompile Include="D:\desarrollos\ABDNeural\Source\UI\SpectralVisualizer.cpp">
      <Filter>Source Files</Filter>
    </ClCompile>
    <ClCompile Include="D:\desarrollos\ABDNeural\Source\UI\XYPad.cpp">
      <Filter>Source Files</Filter>
    </ClCompile>
    <ClCompile Include="D:\desarrollos\ABDNeural\Source\UI\CustomUIComponents.cpp">
      <Filter>Source Files</Filter>
    </ClCompile>
    <ClCompile Include="D:\desarrollos\ABDNeural\Source\UI\ThemeManager.cpp">
      <Filter>Source Files</Filter>
    </ClCompile>
    <ClCompile Include="D:\desarrollos\ABDNeural\Source\UI\MidiLearner.cpp">
      <Filter>Source Files</Filter>
    </ClCompile>
    <ClCompile Include="D:\desarrollos\ABDNeural\Source\UI\Panels\OscillatorPanel.cpp">
      <Filter>Source Files</Filter>
    </ClCompile>
    <ClCompile Include="D:\desarrollos\ABDNeural\Source\UI\Panels\FilterEnvPanel.cpp">
      <Filter>Source Files</Filter>
    </ClCompile>
    <ClCompile Include="D:\desarrollos\ABDNeural\Source\UI\Panels\FXPanel.cpp">
      <Filter>Source Files</Filter>
    </ClCompile>
    <ClCompile Include="D:\desarrollos\ABDNeural\Source\UI\Panels\ModulationPanel.cpp">
      <Filter>Source Files</Filter>
    </ClCompile>
    <ClCompile Include="D:\desarrollos\ABDNeural\Source\UI\Panels\PresetPanel.cpp">
      <Filter>Source Files</Filter>
    </ClCompile>
    <ClCompile Include="D:\desarrollos\ABDNeural\Source\UI\LcdDisplay.cpp">
      <Filter>Source Files</Filter>
    </ClCompile>
    <ClCompile Include="D:\desarrollos\ABDNeural\Source\UI\Browser\PresetBrowser.cpp">
      <Filter>Source Files</Filter>
    </ClCompile>
    <ClCompile Include="D:\desarrollos\ABDNeural\Source\Serialization\PresetManager.cpp">
      <Filter>Source Files</Filter>
    </ClCompile>
    <ClCompile Include="D:\desarrollos\ABDNeural\Source\DSP\CoreModules\LFO.cpp">
      <Filter>Source Files</Filter>
    </ClCompile>
    <ClCompile Include="D:\desarrollos\ABDNeural\Source\DSP\CoreModules\Oscillator.cpp">
      <Filter>Source Files</Filter>
    </ClCompile>
    <ClCompile Include="D:\desarrollos\ABDNeural\Source\DSP\CoreModules\Resonator.cpp">
      <Filter>Source Files</Filter>
    </ClCompile>
    <ClCompile Include="D:\desarrollos\ABDNeural\Source\DSP\CoreModules\Envelope.cpp">
      <Filter>Source Files</Filter>
    </ClCompile>
    <ClCompile Include="D:\desarrollos\ABDNeural\Source\DSP\CoreModules\FilterBank.cpp">
      <Filter>Source Files</Filter>
    </ClCompile>
    <ClCompile Include="D:\desarrollos\ABDNeural\Source\DSP\CoreModules\ResonatorBank.cpp">
      <Filter>Source Files</Filter>
    </ClCompile>
    <ClCompile Include="D:\desarrollos\ABDNeural\Source\DSP\CoreModules\NeuronikEngine.cpp">
      <Filter>Source Files</Filter>
    </ClCompile>
    <ClCompile Include="D:\desarrollos\ABDNeural\Source\DSP\CoreModules\NeurotikEngine.cpp">
      <Filter>Source Files</Filter>
    </ClCompile>
    <ClCompile Include="D:\desarrollos\ABDNeural\Source\DSP\BaseEngine.cpp">
      <Filter>Source Files</Filter>
    </ClCompile>
    <ClCompile Include="D:\desarrollos\ABDNeural\Source\DSP\Synthesis\AdditiveVoice.cpp">
      <Filter>Source Files</Filter>
    </ClCompile>
    <ClCompile Include="D:\desarrollos\ABDNeural\Source\DSP\Synthesis\NeurotikVoice.cpp">
      <Filter>Source Files</Filter>
    </ClCompile>
    <ClCompile Include="C:\JUCE\modules\juce_audio_plugin_client\juce_audio_plugin_client_AAX.cpp">
      <Filter>Source Files</Filter>
    </ClCompile>
    <ClCompile Include="C:\JUCE\modules\juce_audio_plugin_client\juce_audio_plugin_client_AAX_utils.cpp">
      <Filter>Source Files</Filter>
    </ClCompile>
    <ClCompile Include="C:\JUCE\modules\juce_audio_plugin_client\juce_audio_plugin_client_ARA.cpp">
      <Filter>Source Files</Filter>
    </ClCompile>
    <ClCompile Include="C:\JUCE\modules\juce_audio_plugin_client\juce_audio_plugin_client_LV2.cpp">
      <Filter>Source Files</Filter>
    </ClCompile>
    <ClCompile Include="C:\JUCE\modules\juce_audio_plugin_client\juce_audio_plugin_client_Standalone.cpp">
      <Filter>Source Files</Filter>
    </ClCompile>
    <ClCompile Include="C:\JUCE\modules\juce_audio_plugin_client\juce_audio_plugin_client_Unity.cpp">
      <Filter>Source Files</Filter>
    </ClCompile>
    <ClCompile Include="C:\JUCE\modules\juce_audio_plugin_client\juce_audio_plugin_client_VST2.cpp">
      <Filter>Source Files</Filter>
    </ClCompile>
    <ClCompile Include="C:\JUCE\modules\juce_audio_plugin_client\juce_audio_plugin_client_VST3.cpp">
      <Filter>Source Files</Filter>
    </ClCompile>
    <ClCompile Include="C:\JUCE\modules\juce_audio_basics\juce_audio_basics.cpp">
      <Filter>Source Files</Filter>
    </ClCompile>
    <ClCompile Include="C:\JUCE\modules\juce_core\juce_core.cpp">
      <Filter>Source Files</Filter>
    </ClCompile>
    <ClCompile Include="C:\JUCE\modules\juce_core\juce_core_CompilationTime.cpp">
      <Filter>Source Files</Filter>
    </ClCompile>
    <ClCompile Include="C:\JUCE\modules\juce_audio_devices\juce_audio_devices.cpp">
      <Filter>Source Files</Filter>
    </ClCompile>
    <ClCompile Include="C:\JUCE\modules\juce_events\juce_events.cpp">
      <Filter>Source Files</Filter>
    </ClCompile>
    <ClCompile Include="C:\JUCE\modules\juce_audio_formats\juce_audio_formats.cpp">
      <Filter>Source Files</Filter>
    </ClCompile>
    <ClCompile Include="C:\JUCE\modules\juce_audio_processors\juce_audio_processors.cpp">
      <Filter>Source Files</Filter>
    </ClCompile>
    <ClCompile Include="C:\JUCE\modules\juce_gui_extra\juce_gui_extra.cpp">
      <Filter>Source Files</Filter>
    </ClCompile>
    <ClCompile Include="C:\JUCE\modules\juce_gui_basics\juce_gui_basics.cpp">
      <Filter>Source Files</Filter>
    </ClCompile>
    <ClCompile Include="C:\JUCE\modules\juce_graphics\juce_graphics.cpp">
      <Filter>Source Files</Filter>
    </ClCompile>
    <ClCompile Include="C:\JUCE\modules\juce_graphics\juce_graphics_Harfbuzz.cpp">
      <Filter>Source Files</Filter>
    </ClCompile>
    <ClCompile Include="C:\JUCE\modules\juce_graphics\juce_graphics_Sheenbidi.c">
      <Filter>Source Files</Filter>
    </ClCompile>
    <ClCompile Include="C:\JUCE\modules\juce_data_structures\juce_data_structures.cpp">
      <Filter>Source Files</Filter>
    </ClCompile>
    <ClCompile Include="C:\JUCE\modules\juce_audio_processors_headless\juce_audio_processors_headless.cpp">
      <Filter>Source Files</Filter>
    </ClCompile>
    <ClCompile Include="C:\JUCE\modules\juce_audio_processors_headless\juce_audio_processors_headless_ara.cpp">
      <Filter>Source Files</Filter>
    </ClCompile>
    <ClCompile Include="C:\JUCE\modules\juce_audio_processors_headless\juce_audio_processors_headless_lv2_libs.cpp">
      <Filter>Source Files</Filter>
    </ClCompile>
    <ClCompile Include="C:\JUCE\modules\juce_audio_utils\juce_audio_utils.cpp">
      <Filter>Source Files</Filter>
    </ClCompile>
    <ClCompile Include="C:\JUCE\modules\juce_dsp\juce_dsp.cpp">
      <Filter>Source Files</Filter>
    </ClCompile>
  </ItemGroup>
  <ItemGroup>
    <ClInclude Include="D:\desarrollos\ABDNeural\Source\Main\NEURONiKProcessor.h">
      <Filter>Header Files</Filter>
    </ClInclude>
    <ClInclude Include="D:\desarrollos\ABDNeural\Source\Main\NEURONiKEditor.h">
      <Filter>Header Files</Filter>
    </ClInclude>
    <ClInclude Include="D:\desarrollos\ABDNeural\Source\Main\MidiMappingManager.h">
      <Filter>Header Files</Filter>
    </ClInclude>
    <ClInclude Include="D:\desarrollos\ABDNeural\Source\UI\ParameterPanel.h">
      <Filter>Header Files</Filter>
    </ClInclude>
    <ClInclude Include="D:\desarrollos\ABDNeural\Source\UI\SpectralVisualizer.h">
      <Filter>Header Files</Filter>
    </ClInclude>
    <ClInclude Include="D:\desarrollos\ABDNeural\Source\UI\XYPad.h">
      <Filter>Header Files</Filter>
    </ClInclude>
    <ClInclude Include="D:\desarrollos\ABDNeural\Source\UI\EnvelopeVisualizer.h">
      <Filter>Header Files</Filter>
    </ClInclude>
    <ClInclude Include="D:\desarrollos\ABDNeural\Source\UI\CustomUIComponents.h">
      <Filter>Header Files</Filter>
    </ClInclude>
    <ClInclude Include="D:\desarrollos\ABDNeural\Source\UI\ThemeManager.h">
      <Filter>Header Files</Filter>
    </ClInclude>
    <ClInclude Include="D:\desarrollos\ABDNeural\Source\UI\MidiLearner.h">
      <Filter>Header Files</Filter>
    </ClInclude>
    <ClInclude Include="D:\desarrollos\ABDNeural\Source\UI\Panels\OscillatorPanel.h">
      <Filter>Header Files</Filter>
    </ClInclude>
    <ClInclude Include="D:\desarrollos\ABDNeural\Source\UI\Panels\FilterEnvPanel.h">
      <Filter>Header Files</Filter>
    </ClInclude>
    <ClInclude Include="D:\desarrollos\ABDNeural\Source\UI\Panels\FXPanel.h">
      <Filter>Header Files</Filter>
    </ClInclude>
    <ClInclude Include="D:\desarrollos\ABDNeural\Source\UI\Panels\ModulationPanel.h">
      <Filter>Header Files</Filter>
    </ClInclude>
    <ClInclude Include="D:\desarrollos\ABDNeural\Source\UI\Panels\PresetPanel.h">
      <Filter>Header Files</Filter>
    </ClInclude>
    <ClInclude Include="D:\desarrollos\ABDNeural\Source\UI\LcdDisplay.h">
      <Filter>Header Files</Filter>
    </ClInclude>
    <ClInclude Include="D:\desarrollos\ABDNeural\Source\UI\Browser\PresetBrowser.h">
      <Filter>Header Files</Filter>
    </ClInclude>
    <ClInclude Include="D:\desarrollos\ABDNeural\Source\State\ParameterDefinitions.h">
      <Filter>Header Files</Filter>
    </ClInclude>
    <ClInclude Include="D:\desarrollos\ABDNeural\Source\Serialization\PresetManager.h">
      <Filter>Header Files</Filter>
    </ClInclude>
    <ClInclude Include="D:\desarrollos\ABDNeural\Source\DSP\CoreModules\Oscillator.h">
      <Filter>Header Files</Filter>
    </ClInclude>
    <ClInclude Include="D:\desarrollos\ABDNeural\Source\DSP\CoreModules\Resonator.h">
      <Filter>Header Files</Filter>
    </ClInclude>
    <ClInclude Include="D:\desarrollos\ABDNeural\Source\DSP\CoreModules\Envelope.h">
      <Filter>Header Files</Filter>
    </ClInclude>
    <ClInclude Include="D:\desarrollos\ABDNeural\Source\DSP\CoreModules\FilterBank.h">
      <Filter>Header Files</Filter>
    </ClInclude>
    <ClInclude Include="D:\desarrollos\ABDNeural\Source\DSP\CoreModules\ResonatorBank.h">
      <Filter>Header Files</Filter>
    </ClInclude>
    <ClInclude Include="D:\desarrollos\ABDNeural\Source\DSP\CoreModules\NeuronikEngine.h">
      <Filter>Header Files</Filter>
    </ClInclude>
    <ClInclude Include="D:\desarrollos\ABDNeural\Source\DSP\CoreModules\NeurotikEngine.h">
      <Filter>Header Files</Filter>
    </ClInclude>
    <ClInclude Include="D:\desarrollos\ABDNeural\Source\DSP\BaseEngine.h">
      <Filter>Header Files</Filter>
    </ClInclude>
    <ClInclude Include="D:\desarrollos\ABDNeural\Source\DSP\IVoice.h">
      <Filter>Header Files</Filter>
    </ClInclude>
    <ClInclude Include="D:\desarrollos\ABDNeural\Source\DSP\ISynthesisEngine.h">
      <Filter>Header Files</Filter>
    </ClInclude>
    <ClInclude Include="D:\desarrollos\ABDNeural\Source\DSP\Synthesis\AdditiveVoice.h">
      <Filter>Header Files</Filter>
    </ClInclude>
    <ClInclude Include="D:\desarrollos\ABDNeural\Source\DSP\Synthesis\NeurotikVoice.h">
      <Filter>Header Files</Filter>
    </ClInclude>
  </ItemGroup>
  <ItemGroup>
    <CustomBuild Include="D:\desarrollos\ABDNeural\CMakeLists.txt" />
  </ItemGroup>
  <ItemGroup>
    <Object Include="D:\desarrollos\ABDNeural\build_neuronik\NEURONiK_rc_lib.dir\$(Configuration)\NEURONiK_resources.res">
      <Filter>Object Libraries</Filter>
    </Object>
  </ItemGroup>
  <ItemGroup>
    <ResourceCompile Include="D:\desarrollos\ABDNeural\Resources\NEURONiK.rc">
      <Filter>Source Files</Filter>
    </ResourceCompile>
  </ItemGroup>
  <ItemGroup>
    <Filter Include="Header Files">
      <UniqueIdentifier>{6FA68D49-AF4F-338B-859B-507EA5BC916D}</UniqueIdentifier>
    </Filter>
    <Filter Include="Object Libraries">
      <UniqueIdentifier>{DFC97FE1-27C4-3693-BF9A-F87F770617CA}</UniqueIdentifier>
    </Filter>
    <Filter Include="Source Files">
      <UniqueIdentifier>{C298886A-C25F-3560-8336-66CB5269E826}</UniqueIdentifier>
    </Filter>
  </ItemGroup>
</Project>
