<?xml version="1.0" encoding="utf-8"?>
<Project ToolsVersion="18.0" xmlns="http://schemas.microsoft.com/developer/msbuild/2003">
  <ItemGroup>
    <CustomBuild Include="D:\desarrollos\ABDNeural\build_nexus\JUCE\tools\CMakeFiles\b0a84f844ff47144020530b8b160bdfc\generate.stamp.rule">
      <Filter>CMake Rules</Filter>
    </CustomBuild>
  </ItemGroup>
  <ItemGroup>
    <Filter Include="CMake Rules">
      <UniqueIdentifier>{AD156BDE-01B1-38F3-9403-4D24A86559B6}</UniqueIdentifier>
    </Filter>
  </ItemGroup>
</Project>
