
Microsoft Visual Studio Solution File, Format Version 12.00
# Visual Studio Version 18
Project("{2150E333-8FDC-42A3-9474-1A3956D46DE8}") = "CMakePredefinedTargets", "CMakePredefinedTargets", "{62C1C317-3A70-375A-B9FF-6F02623D9A84}"
EndProject
Project("{2150E333-8FDC-42A3-9474-1A3956D46DE8}") = "NEURONiK", "NEURONiK", "{FD587ADC-D354-3E14-86C4-07419C4D5E55}"
EndProject
Project("{8BC9CEB8-8B4A-11D0-8D11-00A0C91BC942}") = "ALL_BUILD", "ALL_BUILD.vcxproj", "{A7FDA547-903B-3AEF-B4EB-D6364D94CFC7}"
	ProjectSection(ProjectDependencies) = postProject
		{859316F9-A6B4-3AB0-9B09-AA153B14ECEE} = {859316F9-A6B4-3AB0-9B09-AA153B14ECEE}
		{1F3E546E-0DC8-3B4E-8308-DCDCA86E742E} = {1F3E546E-0DC8-3B4E-8308-DCDCA86E742E}
		{195C471F-ACAA-3D6F-887F-5993BB0C9DFD} = {195C471F-ACAA-3D6F-887F-5993BB0C9DFD}
		{C1844A54-DCC8-3150-ABE2-B64E9364C10D} = {C1844A54-DCC8-3150-ABE2-B64E9364C10D}
		{F891361C-2767-3232-9D9A-6758CC283580} = {F891361C-2767-3232-9D9A-6758CC283580}
		{D5DF6193-D160-3F91-B62F-3B21A386EABD} = {D5DF6193-D160-3F91-B62F-3B21A386EABD}
	EndProjectSection
EndProject
Project("{8BC9CEB8-8B4A-11D0-8D11-00A0C91BC942}") = "INSTALL", "INSTALL.vcxproj", "{A4CA023A-9799-3054-AF05-C7D12747C29E}"
	ProjectSection(ProjectDependencies) = postProject
		{A7FDA547-903B-3AEF-B4EB-D6364D94CFC7} = {A7FDA547-903B-3AEF-B4EB-D6364D94CFC7}
		{D5DF6193-D160-3F91-B62F-3B21A386EABD} = {D5DF6193-D160-3F91-B62F-3B21A386EABD}
	EndProjectSection
EndProject
Project("{8BC9CEB8-8B4A-11D0-8D11-00A0C91BC942}") = "NEURONiK", "NEURONiK.vcxproj", "{859316F9-A6B4-3AB0-9B09-AA153B14ECEE}"
	ProjectSection(ProjectDependencies) = postProject
		{D5DF6193-D160-3F91-B62F-3B21A386EABD} = {D5DF6193-D160-3F91-B62F-3B21A386EABD}
	EndProjectSection
EndProject
Project("{8BC9CEB8-8B4A-11D0-8D11-00A0C91BC942}") = "NEURONiK_All", "NEURONiK_All.vcxproj", "{F8BC59A1-EE6D-38CA-809E-FDA591EF8097}"
	ProjectSection(ProjectDependencies) = postProject
		{1F3E546E-0DC8-3B4E-8308-DCDCA86E742E} = {1F3E546E-0DC8-3B4E-8308-DCDCA86E742E}
		{195C471F-ACAA-3D6F-887F-5993BB0C9DFD} = {195C471F-ACAA-3D6F-887F-5993BB0C9DFD}
		{D5DF6193-D160-3F91-B62F-3B21A386EABD} = {D5DF6193-D160-3F91-B62F-3B21A386EABD}
	EndProjectSection
EndProject
Project("{8BC9CEB8-8B4A-11D0-8D11-00A0C91BC942}") = "NEURONiK_Standalone", "NEURONiK_Standalone.vcxproj", "{1F3E546E-0DC8-3B4E-8308-DCDCA86E742E}"
	ProjectSection(ProjectDependencies) = postProject
		{859316F9-A6B4-3AB0-9B09-AA153B14ECEE} = {859316F9-A6B4-3AB0-9B09-AA153B14ECEE}
		{C1844A54-DCC8-3150-ABE2-B64E9364C10D} = {C1844A54-DCC8-3150-ABE2-B64E9364C10D}
		{D5DF6193-D160-3F91-B62F-3B21A386EABD} = {D5DF6193-D160-3F91-B62F-3B21A386EABD}
	EndProjectSection
EndProject
Project("{8BC9CEB8-8B4A-11D0-8D11-00A0C91BC942}") = "NEURONiK_VST3", "NEURONiK_VST3.vcxproj", "{195C471F-ACAA-3D6F-887F-5993BB0C9DFD}"
	ProjectSection(ProjectDependencies) = postProject
		{859316F9-A6B4-3AB0-9B09-AA153B14ECEE} = {859316F9-A6B4-3AB0-9B09-AA153B14ECEE}
		{C1844A54-DCC8-3150-ABE2-B64E9364C10D} = {C1844A54-DCC8-3150-ABE2-B64E9364C10D}
		{F891361C-2767-3232-9D9A-6758CC283580} = {F891361C-2767-3232-9D9A-6758CC283580}
		{D5DF6193-D160-3F91-B62F-3B21A386EABD} = {D5DF6193-D160-3F91-B62F-3B21A386EABD}
	EndProjectSection
EndProject
Project("{8BC9CEB8-8B4A-11D0-8D11-00A0C91BC942}") = "NEURONiK_rc_lib", "NEURONiK_rc_lib.vcxproj", "{C1844A54-DCC8-3150-ABE2-B64E9364C10D}"
	ProjectSection(ProjectDependencies) = postProject
		{D5DF6193-D160-3F91-B62F-3B21A386EABD} = {D5DF6193-D160-3F91-B62F-3B21A386EABD}
	EndProjectSection
EndProject
Project("{8BC9CEB8-8B4A-11D0-8D11-00A0C91BC942}") = "NEURONiK_vst3_helper", "NEURONiK_vst3_helper.vcxproj", "{F891361C-2767-3232-9D9A-6758CC283580}"
	ProjectSection(ProjectDependencies) = postProject
		{D5DF6193-D160-3F91-B62F-3B21A386EABD} = {D5DF6193-D160-3F91-B62F-3B21A386EABD}
	EndProjectSection
EndProject
Project("{8BC9CEB8-8B4A-11D0-8D11-00A0C91BC942}") = "ZERO_CHECK", "ZERO_CHECK.vcxproj", "{D5DF6193-D160-3F91-B62F-3B21A386EABD}"
	ProjectSection(ProjectDependencies) = postProject
	EndProjectSection
EndProject
Global
	GlobalSection(SolutionConfigurationPlatforms) = preSolution
		Debug|x64 = Debug|x64
		Release|x64 = Release|x64
		MinSizeRel|x64 = MinSizeRel|x64
		RelWithDebInfo|x64 = RelWithDebInfo|x64
	EndGlobalSection
	GlobalSection(ProjectConfigurationPlatforms) = postSolution
		{A7FDA547-903B-3AEF-B4EB-D6364D94CFC7}.Debug|x64.ActiveCfg = Debug|x64
		{A7FDA547-903B-3AEF-B4EB-D6364D94CFC7}.Debug|x64.Build.0 = Debug|x64
		{A7FDA547-903B-3AEF-B4EB-D6364D94CFC7}.Release|x64.ActiveCfg = Release|x64
		{A7FDA547-903B-3AEF-B4EB-D6364D94CFC7}.Release|x64.Build.0 = Release|x64
		{A7FDA547-903B-3AEF-B4EB-D6364D94CFC7}.MinSizeRel|x64.ActiveCfg = MinSizeRel|x64
		{A7FDA547-903B-3AEF-B4EB-D6364D94CFC7}.MinSizeRel|x64.Build.0 = MinSizeRel|x64
		{A7FDA547-903B-3AEF-B4EB-D6364D94CFC7}.RelWithDebInfo|x64.ActiveCfg = RelWithDebInfo|x64
		{A7FDA547-903B-3AEF-B4EB-D6364D94CFC7}.RelWithDebInfo|x64.Build.0 = RelWithDebInfo|x64
		{A4CA023A-9799-3054-AF05-C7D12747C29E}.Debug|x64.ActiveCfg = Debug|x64
		{A4CA023A-9799-3054-AF05-C7D12747C29E}.Release|x64.ActiveCfg = Release|x64
		{A4CA023A-9799-3054-AF05-C7D12747C29E}.MinSizeRel|x64.ActiveCfg = MinSizeRel|x64
		{A4CA023A-9799-3054-AF05-C7D12747C29E}.RelWithDebInfo|x64.ActiveCfg = RelWithDebInfo|x64
		{859316F9-A6B4-3AB0-9B09-AA153B14ECEE}.Debug|x64.ActiveCfg = Debug|x64
		{859316F9-A6B4-3AB0-9B09-AA153B14ECEE}.Debug|x64.Build.0 = Debug|x64
		{859316F9-A6B4-3AB0-9B09-AA153B14ECEE}.Release|x64.ActiveCfg = Release|x64
		{859316F9-A6B4-3AB0-9B09-AA153B14ECEE}.Release|x64.Build.0 = Release|x64
		{859316F9-A6B4-3AB0-9B09-AA153B14ECEE}.MinSizeRel|x64.ActiveCfg = MinSizeRel|x64
		{859316F9-A6B4-3AB0-9B09-AA153B14ECEE}.MinSizeRel|x64.Build.0 = MinSizeRel|x64
		{859316F9-A6B4-3AB0-9B09-AA153B14ECEE}.RelWithDebInfo|x64.ActiveCfg = RelWithDebInfo|x64
		{859316F9-A6B4-3AB0-9B09-AA153B14ECEE}.RelWithDebInfo|x64.Build.0 = RelWithDebInfo|x64
		{F8BC59A1-EE6D-38CA-809E-FDA591EF8097}.Debug|x64.ActiveCfg = Debug|x64
		{F8BC59A1-EE6D-38CA-809E-FDA591EF8097}.Release|x64.ActiveCfg = Release|x64
		{F8BC59A1-EE6D-38CA-809E-FDA591EF8097}.MinSizeRel|x64.ActiveCfg = MinSizeRel|x64
		{F8BC59A1-EE6D-38CA-809E-FDA591EF8097}.RelWithDebInfo|x64.ActiveCfg = RelWithDebInfo|x64
		{1F3E546E-0DC8-3B4E-8308-DCDCA86E742E}.Debug|x64.ActiveCfg = Debug|x64
		{1F3E546E-0DC8-3B4E-8308-DCDCA86E742E}.Debug|x64.Build.0 = Debug|x64
		{1F3E546E-0DC8-3B4E-8308-DCDCA86E742E}.Release|x64.ActiveCfg = Release|x64
		{1F3E546E-0DC8-3B4E-8308-DCDCA86E742E}.Release|x64.Build.0 = Release|x64
		{1F3E546E-0DC8-3B4E-8308-DCDCA86E742E}.MinSizeRel|x64.ActiveCfg = MinSizeRel|x64
		{1F3E546E-0DC8-3B4E-8308-DCDCA86E742E}.MinSizeRel|x64.Build.0 = MinSizeRel|x64
		{1F3E546E-0DC8-3B4E-8308-DCDCA86E742E}.RelWithDebInfo|x64.ActiveCfg = RelWithDebInfo|x64
		{1F3E546E-0DC8-3B4E-8308-DCDCA86E742E}.RelWithDebInfo|x64.Build.0 = RelWithDebInfo|x64
		{195C471F-ACAA-3D6F-887F-5993BB0C9DFD}.Debug|x64.ActiveCfg = Debug|x64
		{195C471F-ACAA-3D6F-887F-5993BB0C9DFD}.Debug|x64.Build.0 = Debug|x64
		{195C471F-ACAA-3D6F-887F-5993BB0C9DFD}.Release|x64.ActiveCfg = Release|x64
		{195C471F-ACAA-3D6F-887F-5993BB0C9DFD}.Release|x64.Build.0 = Release|x64
		{195C471F-ACAA-3D6F-887F-5993BB0C9DFD}.MinSizeRel|x64.ActiveCfg = MinSizeRel|x64
		{195C471F-ACAA-3D6F-887F-5993BB0C9DFD}.MinSizeRel|x64.Build.0 = MinSizeRel|x64
		{195C471F-ACAA-3D6F-887F-5993BB0C9DFD}.RelWithDebInfo|x64.ActiveCfg = RelWithDebInfo|x64
		{195C471F-ACAA-3D6F-887F-5993BB0C9DFD}.RelWithDebInfo|x64.Build.0 = RelWithDebInfo|x64
		{C1844A54-DCC8-3150-ABE2-B64E9364C10D}.Debug|x64.ActiveCfg = Debug|x64
		{C1844A54-DCC8-3150-ABE2-B64E9364C10D}.Debug|x64.Build.0 = Debug|x64
		{C1844A54-DCC8-3150-ABE2-B64E9364C10D}.Release|x64.ActiveCfg = Release|x64
		{C1844A54-DCC8-3150-ABE2-B64E9364C10D}.Release|x64.Build.0 = Release|x64
		{C1844A54-DCC8-3150-ABE2-B64E9364C10D}.MinSizeRel|x64.ActiveCfg = MinSizeRel|x64
		{C1844A54-DCC8-3150-ABE2-B64E9364C10D}.MinSizeRel|x64.Build.0 = MinSizeRel|x64
		{C1844A54-DCC8-3150-ABE2-B64E9364C10D}.RelWithDebInfo|x64.ActiveCfg = RelWithDebInfo|x64
		{C1844A54-DCC8-3150-ABE2-B64E9364C10D}.RelWithDebInfo|x64.Build.0 = RelWithDebInfo|x64
		{F891361C-2767-3232-9D9A-6758CC283580}.Debug|x64.ActiveCfg = Debug|x64
		{F891361C-2767-3232-9D9A-6758CC283580}.Debug|x64.Build.0 = Debug|x64
		{F891361C-2767-3232-9D9A-6758CC283580}.Release|x64.ActiveCfg = Release|x64
		{F891361C-2767-3232-9D9A-6758CC283580}.Release|x64.Build.0 = Release|x64
		{F891361C-2767-3232-9D9A-6758CC283580}.MinSizeRel|x64.ActiveCfg = MinSizeRel|x64
		{F891361C-2767-3232-9D9A-6758CC283580}.MinSizeRel|x64.Build.0 = MinSizeRel|x64
		{F891361C-2767-3232-9D9A-6758CC283580}.RelWithDebInfo|x64.ActiveCfg = RelWithDebInfo|x64
		{F891361C-2767-3232-9D9A-6758CC283580}.RelWithDebInfo|x64.Build.0 = RelWithDebInfo|x64
		{D5DF6193-D160-3F91-B62F-3B21A386EABD}.Debug|x64.ActiveCfg = Debug|x64
		{D5DF6193-D160-3F91-B62F-3B21A386EABD}.Debug|x64.Build.0 = Debug|x64
		{D5DF6193-D160-3F91-B62F-3B21A386EABD}.Release|x64.ActiveCfg = Release|x64
		{D5DF6193-D160-3F91-B62F-3B21A386EABD}.Release|x64.Build.0 = Release|x64
		{D5DF6193-D160-3F91-B62F-3B21A386EABD}.MinSizeRel|x64.ActiveCfg = MinSizeRel|x64
		{D5DF6193-D160-3F91-B62F-3B21A386EABD}.MinSizeRel|x64.Build.0 = MinSizeRel|x64
		{D5DF6193-D160-3F91-B62F-3B21A386EABD}.RelWithDebInfo|x64.ActiveCfg = RelWithDebInfo|x64
		{D5DF6193-D160-3F91-B62F-3B21A386EABD}.RelWithDebInfo|x64.Build.0 = RelWithDebInfo|x64
	EndGlobalSection
	GlobalSection(NestedProjects) = preSolution
		{A7FDA547-903B-3AEF-B4EB-D6364D94CFC7} = {62C1C317-3A70-375A-B9FF-6F02623D9A84}
		{A4CA023A-9799-3054-AF05-C7D12747C29E} = {62C1C317-3A70-375A-B9FF-6F02623D9A84}
		{D5DF6193-D160-3F91-B62F-3B21A386EABD} = {62C1C317-3A70-375A-B9FF-6F02623D9A84}
		{859316F9-A6B4-3AB0-9B09-AA153B14ECEE} = {FD587ADC-D354-3E14-86C4-07419C4D5E55}
		{F8BC59A1-EE6D-38CA-809E-FDA591EF8097} = {FD587ADC-D354-3E14-86C4-07419C4D5E55}
		{1F3E546E-0DC8-3B4E-8308-DCDCA86E742E} = {FD587ADC-D354-3E14-86C4-07419C4D5E55}
		{195C471F-ACAA-3D6F-887F-5993BB0C9DFD} = {FD587ADC-D354-3E14-86C4-07419C4D5E55}
	EndGlobalSection
	GlobalSection(ExtensibilityGlobals) = postSolution
		SolutionGuid = {E0C408DD-2B3F-37F6-B84E-9AAD273A1E0A}
	EndGlobalSection
	GlobalSection(ExtensibilityAddIns) = postSolution
	EndGlobalSection
EndGlobal
