<?xml version="1.0" encoding="utf-8"?>
<Project ToolsVersion="18.0" xmlns="http://schemas.microsoft.com/developer/msbuild/2003">
  <ItemGroup>
    <ClCompile Include="D:\desarrollos\ABDNeural\Source\Main\NEURONiKProcessor.cpp">
      <Filter>Source Files</Filter>
    </ClCompile>
    <ClCompile Include="D:\desarrollos\ABDNeural\Source\Main\NEURONiKEditor.cpp">
      <Filter>Source Files</Filter>
    </ClCompile>
    <ClCompile Include="D:\desarrollos\ABDNeural\Source\UI\ParameterPanel.cpp">
      <Filter>Source Files</Filter>
    </ClCompile>
    <ClCompile Include="D:\desarrollos\ABDNeural\Source\UI\SpectralVisualizer.cpp">
      <Filter>Source Files</Filter>
    </ClCompile>
    <ClCompile Include="D:\desarrollos\ABDNeural\Source\UI\XYPad.cpp">
      <Filter>Source Files</Filter>
    </ClCompile>
    <ClCompile Include="D:\desarrollos\ABDNeural\Source\UI\MidiLearner.cpp">
      <Filter>Source Files</Filter>
    </ClCompile>
    <ClCompile Include="D:\desarrollos\ABDNeural\Source\UI\Panels\OscillatorPanel.cpp">
      <Filter>Source Files</Filter>
    </ClCompile>
    <ClCompile Include="D:\desarrollos\ABDNeural\Source\UI\Panels\FilterEnvPanel.cpp">
      <Filter>Source Files</Filter>
    </ClCompile>
    <ClCompile Include="D:\desarrollos\ABDNeural\Source\UI\Panels\FXPanel.cpp">
      <Filter>Source Files</Filter>
    </ClCompile>
    <ClCompile Include="D:\desarrollos\ABDNeural\Source\UI\Panels\ModulationPanel.cpp">
      <Filter>Source Files</Filter>
    </ClCompile>
    <ClCompile Include="D:\desarrollos\ABDNeural\Source\UI\Panels\PresetPanel.cpp">
      <Filter>Source Files</Filter>
    </ClCompile>
    <ClCompile Include="D:\desarrollos\ABDNeural\Source\DSP\CoreModules\LFO.cpp">
      <Filter>Source Files</Filter>
    </ClCompile>
    <ClCompile Include="D:\desarrollos\ABDNeural\Source\DSP\CoreModules\Oscillator.cpp">
      <Filter>Source Files</Filter>
    </ClCompile>
    <ClCompile Include="D:\desarrollos\ABDNeural\Source\DSP\CoreModules\Resonator.cpp">
      <Filter>Source Files</Filter>
    </ClCompile>
    <ClCompile Include="D:\desarrollos\ABDNeural\Source\DSP\CoreModules\Envelope.cpp">
      <Filter>Source Files</Filter>
    </ClCompile>
    <ClCompile Include="D:\desarrollos\ABDNeural\Source\DSP\CoreModules\FilterBank.cpp">
      <Filter>Source Files</Filter>
    </ClCompile>
    <ClCompile Include="D:\desarrollos\ABDNeural\Source\DSP\Synthesis\ResonatorVoice.cpp">
      <Filter>Source Files</Filter>
    </ClCompile>
    <ClCompile Include="C:\JUCE\modules\juce_audio_plugin_client\juce_audio_plugin_client_AAX.cpp">
      <Filter>Source Files</Filter>
    </ClCompile>
    <ClCompile Include="C:\JUCE\modules\juce_audio_plugin_client\juce_audio_plugin_client_AAX_utils.cpp">
      <Filter>Source Files</Filter>
    </ClCompile>
    <ClCompile Include="C:\JUCE\modules\juce_audio_plugin_client\juce_audio_plugin_client_ARA.cpp">
      <Filter>Source Files</Filter>
    </ClCompile>
    <ClCompile Include="C:\JUCE\modules\juce_audio_plugin_client\juce_audio_plugin_client_LV2.cpp">
      <Filter>Source Files</Filter>
    </ClCompile>
    <ClCompile Include="C:\JUCE\modules\juce_audio_plugin_client\juce_audio_plugin_client_Standalone.cpp">
      <Filter>Source Files</Filter>
    </ClCompile>
    <ClCompile Include="C:\JUCE\modules\juce_audio_plugin_client\juce_audio_plugin_client_Unity.cpp">
      <Filter>Source Files</Filter>
    </ClCompile>
    <ClCompile Include="C:\JUCE\modules\juce_audio_plugin_client\juce_audio_plugin_client_VST2.cpp">
      <Filter>Source Files</Filter>
    </ClCompile>
    <ClCompile Include="C:\JUCE\modules\juce_audio_plugin_client\juce_audio_plugin_client_VST3.cpp">
      <Filter>Source Files</Filter>
    </ClCompile>
  </ItemGroup>
  <ItemGroup>
    <ClInclude Include="D:\desarrollos\ABDNeural\Source\Main\NEURONiKProcessor.h">
      <Filter>Header Files</Filter>
    </ClInclude>
    <ClInclude Include="D:\desarrollos\ABDNeural\Source\Main\NEURONiKEditor.h">
      <Filter>Header Files</Filter>
    </ClInclude>
    <ClInclude Include="D:\desarrollos\ABDNeural\Source\UI\ParameterPanel.h">
      <Filter>Header Files</Filter>
    </ClInclude>
    <ClInclude Include="D:\desarrollos\ABDNeural\Source\UI\SpectralVisualizer.h">
      <Filter>Header Files</Filter>
    </ClInclude>
    <ClInclude Include="D:\desarrollos\ABDNeural\Source\UI\XYPad.h">
      <Filter>Header Files</Filter>
    </ClInclude>
    <ClInclude Include="D:\desarrollos\ABDNeural\Source\UI\Panels\OscillatorPanel.h">
      <Filter>Header Files</Filter>
    </ClInclude>
    <ClInclude Include="D:\desarrollos\ABDNeural\Source\UI\Panels\FilterEnvPanel.h">
      <Filter>Header Files</Filter>
    </ClInclude>
    <ClInclude Include="D:\desarrollos\ABDNeural\Source\UI\Panels\FXPanel.h">
      <Filter>Header Files</Filter>
    </ClInclude>
    <ClInclude Include="D:\desarrollos\ABDNeural\Source\UI\Panels\PresetPanel.h">
      <Filter>Header Files</Filter>
    </ClInclude>
    <ClInclude Include="D:\desarrollos\ABDNeural\Source\State\ParameterDefinitions.h">
      <Filter>Header Files</Filter>
    </ClInclude>
    <ClInclude Include="D:\desarrollos\ABDNeural\Source\DSP\CoreModules\Oscillator.h">
      <Filter>Header Files</Filter>
    </ClInclude>
    <ClInclude Include="D:\desarrollos\ABDNeural\Source\DSP\CoreModules\Resonator.h">
      <Filter>Header Files</Filter>
    </ClInclude>
    <ClInclude Include="D:\desarrollos\ABDNeural\Source\DSP\CoreModules\Envelope.h">
      <Filter>Header Files</Filter>
    </ClInclude>
    <ClInclude Include="D:\desarrollos\ABDNeural\Source\DSP\CoreModules\FilterBank.h">
      <Filter>Header Files</Filter>
    </ClInclude>
    <ClInclude Include="D:\desarrollos\ABDNeural\Source\DSP\Synthesis\ResonatorSound.h">
      <Filter>Header Files</Filter>
    </ClInclude>
    <ClInclude Include="D:\desarrollos\ABDNeural\Source\DSP\Synthesis\ResonatorVoice.h">
      <Filter>Header Files</Filter>
    </ClInclude>
  </ItemGroup>
  <ItemGroup>
    <CustomBuild Include="D:\desarrollos\ABDNeural\CMakeLists.txt" />
  </ItemGroup>
  <ItemGroup>
    <Object Include="D:\desarrollos\ABDNeural\build_nexus\NEURONiK_rc_lib.dir\$(Configuration)\NEURONiK_resources.res">
      <Filter>Object Libraries</Filter>
    </Object>
  </ItemGroup>
  <ItemGroup>
    <Filter Include="Header Files">
      <UniqueIdentifier>{92043DB7-9F69-3C39-9A1F-2F7EEFDFD02E}</UniqueIdentifier>
    </Filter>
    <Filter Include="Object Libraries">
      <UniqueIdentifier>{37FAE9CB-830A-30BA-BE54-A27C62D43615}</UniqueIdentifier>
    </Filter>
    <Filter Include="Source Files">
      <UniqueIdentifier>{90A6AD1A-F49E-3C6D-82F9-C4691A1AD403}</UniqueIdentifier>
    </Filter>
  </ItemGroup>
</Project>
