
Microsoft Visual Studio Solution File, Format Version 12.00
# Visual Studio Version 18
Project("{2150E333-8FDC-42A3-9474-1A3956D46DE8}") = "CMakePredefinedTargets", "CMakePredefinedTargets", "{62C1C317-3A70-375A-B9FF-6F02623D9A84}"
EndProject
Project("{2150E333-8FDC-42A3-9474-1A3956D46DE8}") = "NEXUS", "NEXUS", "{1E96661E-FA34-3E58-9FA7-5E15AC403697}"
EndProject
Project("{8BC9CEB8-8B4A-11D0-8D11-00A0C91BC942}") = "ALL_BUILD", "ALL_BUILD.vcxproj", "{A7FDA547-903B-3AEF-B4EB-D6364D94CFC7}"
	ProjectSection(ProjectDependencies) = postProject
		{B58FEA24-1379-3601-A55B-685439909F45} = {B58FEA24-1379-3601-A55B-685439909F45}
		{83C96BF3-8DA2-3ED0-A056-77E74ED2533C} = {83C96BF3-8DA2-3ED0-A056-77E74ED2533C}
		{5DF495CB-B3BA-3C7A-95C7-407A7D4025D5} = {5DF495CB-B3BA-3C7A-95C7-407A7D4025D5}
		{BEAA5344-B458-3890-AF76-2BDAAEA0456F} = {BEAA5344-B458-3890-AF76-2BDAAEA0456F}
		{26780F5E-55CC-35DC-A6D8-A4500CF1B54C} = {26780F5E-55CC-35DC-A6D8-A4500CF1B54C}
		{D5DF6193-D160-3F91-B62F-3B21A386EABD} = {D5DF6193-D160-3F91-B62F-3B21A386EABD}
	EndProjectSection
EndProject
Project("{8BC9CEB8-8B4A-11D0-8D11-00A0C91BC942}") = "INSTALL", "INSTALL.vcxproj", "{A4CA023A-9799-3054-AF05-C7D12747C29E}"
	ProjectSection(ProjectDependencies) = postProject
		{A7FDA547-903B-3AEF-B4EB-D6364D94CFC7} = {A7FDA547-903B-3AEF-B4EB-D6364D94CFC7}
		{D5DF6193-D160-3F91-B62F-3B21A386EABD} = {D5DF6193-D160-3F91-B62F-3B21A386EABD}
	EndProjectSection
EndProject
Project("{8BC9CEB8-8B4A-11D0-8D11-00A0C91BC942}") = "NEXUS", "NEXUS.vcxproj", "{B58FEA24-1379-3601-A55B-685439909F45}"
	ProjectSection(ProjectDependencies) = postProject
		{D5DF6193-D160-3F91-B62F-3B21A386EABD} = {D5DF6193-D160-3F91-B62F-3B21A386EABD}
	EndProjectSection
EndProject
Project("{8BC9CEB8-8B4A-11D0-8D11-00A0C91BC942}") = "NEXUS_All", "NEXUS_All.vcxproj", "{EC59CE5D-24BA-37EF-B2DC-5C1FFC51E38F}"
	ProjectSection(ProjectDependencies) = postProject
		{83C96BF3-8DA2-3ED0-A056-77E74ED2533C} = {83C96BF3-8DA2-3ED0-A056-77E74ED2533C}
		{5DF495CB-B3BA-3C7A-95C7-407A7D4025D5} = {5DF495CB-B3BA-3C7A-95C7-407A7D4025D5}
		{D5DF6193-D160-3F91-B62F-3B21A386EABD} = {D5DF6193-D160-3F91-B62F-3B21A386EABD}
	EndProjectSection
EndProject
Project("{8BC9CEB8-8B4A-11D0-8D11-00A0C91BC942}") = "NEXUS_Standalone", "NEXUS_Standalone.vcxproj", "{83C96BF3-8DA2-3ED0-A056-77E74ED2533C}"
	ProjectSection(ProjectDependencies) = postProject
		{B58FEA24-1379-3601-A55B-685439909F45} = {B58FEA24-1379-3601-A55B-685439909F45}
		{BEAA5344-B458-3890-AF76-2BDAAEA0456F} = {BEAA5344-B458-3890-AF76-2BDAAEA0456F}
		{D5DF6193-D160-3F91-B62F-3B21A386EABD} = {D5DF6193-D160-3F91-B62F-3B21A386EABD}
	EndProjectSection
EndProject
Project("{8BC9CEB8-8B4A-11D0-8D11-00A0C91BC942}") = "NEXUS_VST3", "NEXUS_VST3.vcxproj", "{5DF495CB-B3BA-3C7A-95C7-407A7D4025D5}"
	ProjectSection(ProjectDependencies) = postProject
		{B58FEA24-1379-3601-A55B-685439909F45} = {B58FEA24-1379-3601-A55B-685439909F45}
		{BEAA5344-B458-3890-AF76-2BDAAEA0456F} = {BEAA5344-B458-3890-AF76-2BDAAEA0456F}
		{26780F5E-55CC-35DC-A6D8-A4500CF1B54C} = {26780F5E-55CC-35DC-A6D8-A4500CF1B54C}
		{D5DF6193-D160-3F91-B62F-3B21A386EABD} = {D5DF6193-D160-3F91-B62F-3B21A386EABD}
	EndProjectSection
EndProject
Project("{8BC9CEB8-8B4A-11D0-8D11-00A0C91BC942}") = "NEXUS_rc_lib", "NEXUS_rc_lib.vcxproj", "{BEAA5344-B458-3890-AF76-2BDAAEA0456F}"
	ProjectSection(ProjectDependencies) = postProject
		{D5DF6193-D160-3F91-B62F-3B21A386EABD} = {D5DF6193-D160-3F91-B62F-3B21A386EABD}
	EndProjectSection
EndProject
Project("{8BC9CEB8-8B4A-11D0-8D11-00A0C91BC942}") = "NEXUS_vst3_helper", "NEXUS_vst3_helper.vcxproj", "{26780F5E-55CC-35DC-A6D8-A4500CF1B54C}"
	ProjectSection(ProjectDependencies) = postProject
		{D5DF6193-D160-3F91-B62F-3B21A386EABD} = {D5DF6193-D160-3F91-B62F-3B21A386EABD}
	EndProjectSection
EndProject
Project("{8BC9CEB8-8B4A-11D0-8D11-00A0C91BC942}") = "ZERO_CHECK", "ZERO_CHECK.vcxproj", "{D5DF6193-D160-3F91-B62F-3B21A386EABD}"
	ProjectSection(ProjectDependencies) = postProject
	EndProjectSection
EndProject
Global
	GlobalSection(SolutionConfigurationPlatforms) = preSolution
		Debug|x64 = Debug|x64
		Release|x64 = Release|x64
		MinSizeRel|x64 = MinSizeRel|x64
		RelWithDebInfo|x64 = RelWithDebInfo|x64
	EndGlobalSection
	GlobalSection(ProjectConfigurationPlatforms) = postSolution
		{A7FDA547-903B-3AEF-B4EB-D6364D94CFC7}.Debug|x64.ActiveCfg = Debug|x64
		{A7FDA547-903B-3AEF-B4EB-D6364D94CFC7}.Debug|x64.Build.0 = Debug|x64
		{A7FDA547-903B-3AEF-B4EB-D6364D94CFC7}.Release|x64.ActiveCfg = Release|x64
		{A7FDA547-903B-3AEF-B4EB-D6364D94CFC7}.Release|x64.Build.0 = Release|x64
		{A7FDA547-903B-3AEF-B4EB-D6364D94CFC7}.MinSizeRel|x64.ActiveCfg = MinSizeRel|x64
		{A7FDA547-903B-3AEF-B4EB-D6364D94CFC7}.MinSizeRel|x64.Build.0 = MinSizeRel|x64
		{A7FDA547-903B-3AEF-B4EB-D6364D94CFC7}.RelWithDebInfo|x64.ActiveCfg = RelWithDebInfo|x64
		{A7FDA547-903B-3AEF-B4EB-D6364D94CFC7}.RelWithDebInfo|x64.Build.0 = RelWithDebInfo|x64
		{A4CA023A-9799-3054-AF05-C7D12747C29E}.Debug|x64.ActiveCfg = Debug|x64
		{A4CA023A-9799-3054-AF05-C7D12747C29E}.Release|x64.ActiveCfg = Release|x64
		{A4CA023A-9799-3054-AF05-C7D12747C29E}.MinSizeRel|x64.ActiveCfg = MinSizeRel|x64
		{A4CA023A-9799-3054-AF05-C7D12747C29E}.RelWithDebInfo|x64.ActiveCfg = RelWithDebInfo|x64
		{B58FEA24-1379-3601-A55B-685439909F45}.Debug|x64.ActiveCfg = Debug|x64
		{B58FEA24-1379-3601-A55B-685439909F45}.Debug|x64.Build.0 = Debug|x64
		{B58FEA24-1379-3601-A55B-685439909F45}.Release|x64.ActiveCfg = Release|x64
		{B58FEA24-1379-3601-A55B-685439909F45}.Release|x64.Build.0 = Release|x64
		{B58FEA24-1379-3601-A55B-685439909F45}.MinSizeRel|x64.ActiveCfg = MinSizeRel|x64
		{B58FEA24-1379-3601-A55B-685439909F45}.MinSizeRel|x64.Build.0 = MinSizeRel|x64
		{B58FEA24-1379-3601-A55B-685439909F45}.RelWithDebInfo|x64.ActiveCfg = RelWithDebInfo|x64
		{B58FEA24-1379-3601-A55B-685439909F45}.RelWithDebInfo|x64.Build.0 = RelWithDebInfo|x64
		{EC59CE5D-24BA-37EF-B2DC-5C1FFC51E38F}.Debug|x64.ActiveCfg = Debug|x64
		{EC59CE5D-24BA-37EF-B2DC-5C1FFC51E38F}.Release|x64.ActiveCfg = Release|x64
		{EC59CE5D-24BA-37EF-B2DC-5C1FFC51E38F}.MinSizeRel|x64.ActiveCfg = MinSizeRel|x64
		{EC59CE5D-24BA-37EF-B2DC-5C1FFC51E38F}.RelWithDebInfo|x64.ActiveCfg = RelWithDebInfo|x64
		{83C96BF3-8DA2-3ED0-A056-77E74ED2533C}.Debug|x64.ActiveCfg = Debug|x64
		{83C96BF3-8DA2-3ED0-A056-77E74ED2533C}.Debug|x64.Build.0 = Debug|x64
		{83C96BF3-8DA2-3ED0-A056-77E74ED2533C}.Release|x64.ActiveCfg = Release|x64
		{83C96BF3-8DA2-3ED0-A056-77E74ED2533C}.Release|x64.Build.0 = Release|x64
		{83C96BF3-8DA2-3ED0-A056-77E74ED2533C}.MinSizeRel|x64.ActiveCfg = MinSizeRel|x64
		{83C96BF3-8DA2-3ED0-A056-77E74ED2533C}.MinSizeRel|x64.Build.0 = MinSizeRel|x64
		{83C96BF3-8DA2-3ED0-A056-77E74ED2533C}.RelWithDebInfo|x64.ActiveCfg = RelWithDebInfo|x64
		{83C96BF3-8DA2-3ED0-A056-77E74ED2533C}.RelWithDebInfo|x64.Build.0 = RelWithDebInfo|x64
		{5DF495CB-B3BA-3C7A-95C7-407A7D4025D5}.Debug|x64.ActiveCfg = Debug|x64
		{5DF495CB-B3BA-3C7A-95C7-407A7D4025D5}.Debug|x64.Build.0 = Debug|x64
		{5DF495CB-B3BA-3C7A-95C7-407A7D4025D5}.Release|x64.ActiveCfg = Release|x64
		{5DF495CB-B3BA-3C7A-95C7-407A7D4025D5}.Release|x64.Build.0 = Release|x64
		{5DF495CB-B3BA-3C7A-95C7-407A7D4025D5}.MinSizeRel|x64.ActiveCfg = MinSizeRel|x64
		{5DF495CB-B3BA-3C7A-95C7-407A7D4025D5}.MinSizeRel|x64.Build.0 = MinSizeRel|x64
		{5DF495CB-B3BA-3C7A-95C7-407A7D4025D5}.RelWithDebInfo|x64.ActiveCfg = RelWithDebInfo|x64
		{5DF495CB-B3BA-3C7A-95C7-407A7D4025D5}.RelWithDebInfo|x64.Build.0 = RelWithDebInfo|x64
		{BEAA5344-B458-3890-AF76-2BDAAEA0456F}.Debug|x64.ActiveCfg = Debug|x64
		{BEAA5344-B458-3890-AF76-2BDAAEA0456F}.Debug|x64.Build.0 = Debug|x64
		{BEAA5344-B458-3890-AF76-2BDAAEA0456F}.Release|x64.ActiveCfg = Release|x64
		{BEAA5344-B458-3890-AF76-2BDAAEA0456F}.Release|x64.Build.0 = Release|x64
		{BEAA5344-B458-3890-AF76-2BDAAEA0456F}.MinSizeRel|x64.ActiveCfg = MinSizeRel|x64
		{BEAA5344-B458-3890-AF76-2BDAAEA0456F}.MinSizeRel|x64.Build.0 = MinSizeRel|x64
		{BEAA5344-B458-3890-AF76-2BDAAEA0456F}.RelWithDebInfo|x64.ActiveCfg = RelWithDebInfo|x64
		{BEAA5344-B458-3890-AF76-2BDAAEA0456F}.RelWithDebInfo|x64.Build.0 = RelWithDebInfo|x64
		{26780F5E-55CC-35DC-A6D8-A4500CF1B54C}.Debug|x64.ActiveCfg = Debug|x64
		{26780F5E-55CC-35DC-A6D8-A4500CF1B54C}.Debug|x64.Build.0 = Debug|x64
		{26780F5E-55CC-35DC-A6D8-A4500CF1B54C}.Release|x64.ActiveCfg = Release|x64
		{26780F5E-55CC-35DC-A6D8-A4500CF1B54C}.Release|x64.Build.0 = Release|x64
		{26780F5E-55CC-35DC-A6D8-A4500CF1B54C}.MinSizeRel|x64.ActiveCfg = MinSizeRel|x64
		{26780F5E-55CC-35DC-A6D8-A4500CF1B54C}.MinSizeRel|x64.Build.0 = MinSizeRel|x64
		{26780F5E-55CC-35DC-A6D8-A4500CF1B54C}.RelWithDebInfo|x64.ActiveCfg = RelWithDebInfo|x64
		{26780F5E-55CC-35DC-A6D8-A4500CF1B54C}.RelWithDebInfo|x64.Build.0 = RelWithDebInfo|x64
		{D5DF6193-D160-3F91-B62F-3B21A386EABD}.Debug|x64.ActiveCfg = Debug|x64
		{D5DF6193-D160-3F91-B62F-3B21A386EABD}.Debug|x64.Build.0 = Debug|x64
		{D5DF6193-D160-3F91-B62F-3B21A386EABD}.Release|x64.ActiveCfg = Release|x64
		{D5DF6193-D160-3F91-B62F-3B21A386EABD}.Release|x64.Build.0 = Release|x64
		{D5DF6193-D160-3F91-B62F-3B21A386EABD}.MinSizeRel|x64.ActiveCfg = MinSizeRel|x64
		{D5DF6193-D160-3F91-B62F-3B21A386EABD}.MinSizeRel|x64.Build.0 = MinSizeRel|x64
		{D5DF6193-D160-3F91-B62F-3B21A386EABD}.RelWithDebInfo|x64.ActiveCfg = RelWithDebInfo|x64
		{D5DF6193-D160-3F91-B62F-3B21A386EABD}.RelWithDebInfo|x64.Build.0 = RelWithDebInfo|x64
	EndGlobalSection
	GlobalSection(NestedProjects) = preSolution
		{A7FDA547-903B-3AEF-B4EB-D6364D94CFC7} = {62C1C317-3A70-375A-B9FF-6F02623D9A84}
		{A4CA023A-9799-3054-AF05-C7D12747C29E} = {62C1C317-3A70-375A-B9FF-6F02623D9A84}
		{D5DF6193-D160-3F91-B62F-3B21A386EABD} = {62C1C317-3A70-375A-B9FF-6F02623D9A84}
		{B58FEA24-1379-3601-A55B-685439909F45} = {1E96661E-FA34-3E58-9FA7-5E15AC403697}
		{EC59CE5D-24BA-37EF-B2DC-5C1FFC51E38F} = {1E96661E-FA34-3E58-9FA7-5E15AC403697}
		{83C96BF3-8DA2-3ED0-A056-77E74ED2533C} = {1E96661E-FA34-3E58-9FA7-5E15AC403697}
		{5DF495CB-B3BA-3C7A-95C7-407A7D4025D5} = {1E96661E-FA34-3E58-9FA7-5E15AC403697}
	EndGlobalSection
	GlobalSection(ExtensibilityGlobals) = postSolution
		SolutionGuid = {F2E0B7A2-64CF-3890-A8F4-CCC3068223B4}
	EndGlobalSection
	GlobalSection(ExtensibilityAddIns) = postSolution
	EndGlobalSection
EndGlobal
